
Microsoft Visual Studio Solution File, Format Version 12.00
# Visual Studio Version 16
VisualStudioVersion = 16.0.30104.148
MinimumVisualStudioVersion = 10.0.40219.1
Project("{FAE04EC0-301F-11D3-BF4B-00C04F79EFBC}") = "consolenotes", "consolenotes.csproj", "{FEFD9F86-C09C-49AF-8C10-5EE41621609F}"
EndProject
Global
	GlobalSection(SolutionConfigurationPlatforms) = preSolution
		Debug|Any CPU = Debug|Any CPU
		Release|Any CPU = Release|Any CPU
	EndGlobalSection
	GlobalSection(ProjectConfigurationPlatforms) = postSolution
		{FEFD9F86-C09C-49AF-8C10-5EE41621609F}.Debug|Any CPU.ActiveCfg = Debug|Any CPU
		{FEFD9F86-C09C-49AF-8C10-5EE41621609F}.Debug|Any CPU.Build.0 = Debug|Any CPU
		{FEFD9F86-C09C-49AF-8C10-5EE41621609F}.Release|Any CPU.ActiveCfg = Release|Any CPU
		{FEFD9F86-C09C-49AF-8C10-5EE41621609F}.Release|Any CPU.Build.0 = Release|Any CPU
	EndGlobalSection
	GlobalSection(SolutionProperties) = preSolution
		HideSolutionNode = FALSE
	EndGlobalSection
	GlobalSection(ExtensibilityGlobals) = postSolution
		SolutionGuid = {52E18DBA-D63B-4957-83A1-0EF1A8AC574C}
	EndGlobalSection
EndGlobal
